
Microsoft Visual Studio Solution File, Format Version 12.00
# Visual Studio Version 17
VisualStudioVersion = 17.4.33213.308
MinimumVisualStudioVersion = 10.0.40219.1
Project("{FAE04EC0-301F-11D3-BF4B-00C04F79EFBC}") = "UI", "UI\UI.csproj", "{769734E3-7478-4F95-8EFC-EB0526D43801}"
EndProject
Project("{FAE04EC0-301F-11D3-BF4B-00C04F79EFBC}") = "Domain", "Domain\Domain.csproj", "{C1F72F26-5516-4C40-9933-61207F51573B}"
EndProject
Project("{FAE04EC0-301F-11D3-BF4B-00C04F79EFBC}") = "Repos", "Repos\Repos.csproj", "{21A749DB-79BE-42CA-AB04-0CE115FFE7B9}"
EndProject
Project("{FAE04EC0-301F-11D3-BF4B-00C04F79EFBC}") = "APIs", "AppApi\APIs.csproj", "{5C298D01-C98F-413C-9919-7AD74EE9B055}"
EndProject
Project("{2150E333-8FDC-42A3-9474-1A3956D46DE8}") = "Solution Items", "Solution Items", "{7BF675BF-6A4D-4E13-A27D-725F02B7ED91}"
	ProjectSection(SolutionItems) = preProject
		.editorconfig = .editorconfig
	EndProjectSection
EndProject
Global
	GlobalSection(SolutionConfigurationPlatforms) = preSolution
		Debug|Any CPU = Debug|Any CPU
		Release|Any CPU = Release|Any CPU
	EndGlobalSection
	GlobalSection(ProjectConfigurationPlatforms) = postSolution
		{769734E3-7478-4F95-8EFC-EB0526D43801}.Debug|Any CPU.ActiveCfg = Debug|Any CPU
		{769734E3-7478-4F95-8EFC-EB0526D43801}.Debug|Any CPU.Build.0 = Debug|Any CPU
		{769734E3-7478-4F95-8EFC-EB0526D43801}.Release|Any CPU.ActiveCfg = Release|Any CPU
		{769734E3-7478-4F95-8EFC-EB0526D43801}.Release|Any CPU.Build.0 = Release|Any CPU
		{C1F72F26-5516-4C40-9933-61207F51573B}.Debug|Any CPU.ActiveCfg = Debug|Any CPU
		{C1F72F26-5516-4C40-9933-61207F51573B}.Debug|Any CPU.Build.0 = Debug|Any CPU
		{C1F72F26-5516-4C40-9933-61207F51573B}.Release|Any CPU.ActiveCfg = Release|Any CPU
		{C1F72F26-5516-4C40-9933-61207F51573B}.Release|Any CPU.Build.0 = Release|Any CPU
		{21A749DB-79BE-42CA-AB04-0CE115FFE7B9}.Debug|Any CPU.ActiveCfg = Debug|Any CPU
		{21A749DB-79BE-42CA-AB04-0CE115FFE7B9}.Debug|Any CPU.Build.0 = Debug|Any CPU
		{21A749DB-79BE-42CA-AB04-0CE115FFE7B9}.Release|Any CPU.ActiveCfg = Release|Any CPU
		{21A749DB-79BE-42CA-AB04-0CE115FFE7B9}.Release|Any CPU.Build.0 = Release|Any CPU
		{5C298D01-C98F-413C-9919-7AD74EE9B055}.Debug|Any CPU.ActiveCfg = Debug|Any CPU
		{5C298D01-C98F-413C-9919-7AD74EE9B055}.Debug|Any CPU.Build.0 = Debug|Any CPU
		{5C298D01-C98F-413C-9919-7AD74EE9B055}.Release|Any CPU.ActiveCfg = Release|Any CPU
		{5C298D01-C98F-413C-9919-7AD74EE9B055}.Release|Any CPU.Build.0 = Release|Any CPU
	EndGlobalSection
	GlobalSection(SolutionProperties) = preSolution
		HideSolutionNode = FALSE
	EndGlobalSection
	GlobalSection(ExtensibilityGlobals) = postSolution
		SolutionGuid = {2321A2DB-C8CF-44DE-BA41-529522C23A0E}
	EndGlobalSection
EndGlobal
